
Microsoft Visual Studio Solution File, Format Version 12.00
# Visual Studio 15
VisualStudioVersion = 15.0.27428.2037
MinimumVisualStudioVersion = 10.0.40219.1
Project("{FAE04EC0-301F-11D3-BF4B-00C04F79EFBC}") = "FileConverter", "FileConverter\FileConverter.csproj", "{4318254D-1850-4236-8046-FCFD8481137F}"
EndProject
Global
	GlobalSection(SolutionConfigurationPlatforms) = preSolution
		Debug|Any CPU = Debug|Any CPU
		Release|Any CPU = Release|Any CPU
	EndGlobalSection
	GlobalSection(ProjectConfigurationPlatforms) = postSolution
		{4318254D-1850-4236-8046-FCFD8481137F}.Debug|Any CPU.ActiveCfg = Debug|Any CPU
		{4318254D-1850-4236-8046-FCFD8481137F}.Debug|Any CPU.Build.0 = Debug|Any CPU
		{4318254D-1850-4236-8046-FCFD8481137F}.Release|Any CPU.ActiveCfg = Release|Any CPU
		{4318254D-1850-4236-8046-FCFD8481137F}.Release|Any CPU.Build.0 = Release|Any CPU
	EndGlobalSection
	GlobalSection(SolutionProperties) = preSolution
		HideSolutionNode = FALSE
	EndGlobalSection
	GlobalSection(ExtensibilityGlobals) = postSolution
		SolutionGuid = {FD8A526A-BB9F-4CFB-9AF6-69D6C4216CA8}
	EndGlobalSection
EndGlobal
